// !$*UTF8*$!
{
	archiveVersion = 1;
	classes = {
	};
	objectVersion = 46;
	objects = {

/* Begin PBXBuildFile section */
		29EF04081E9FA3050065C762 /* AppDelegate.swift in Sources */ = {isa = PBXBuildFile; fileRef = 29EF04071E9FA3050065C762 /* AppDelegate.swift */; };
		29EF040A1E9FA3050065C762 /* ViewController.swift in Sources */ = {isa = PBXBuildFile; fileRef = 29EF04091E9FA3050065C762 /* ViewController.swift */; };
		29EF040D1E9FA3050065C762 /* Main.storyboard in Resources */ = {isa = PBXBuildFile; fileRef = 29EF040B1E9FA3050065C762 /* Main.storyboard */; };
		29EF040F1E9FA3050065C762 /* Assets.xcassets in Resources */ = {isa = PBXBuildFile; fileRef = 29EF040E1E9FA3050065C762 /* Assets.xcassets */; };
		29EF04121E9FA3050065C762 /* LaunchScreen.storyboard in Resources */ = {isa = PBXBuildFile; fileRef = 29EF04101E9FA3050065C762 /* LaunchScreen.storyboard */; };
		29EF041D1E9FA3050065C762 /* testQontoTests.swift in Sources */ = {isa = PBXBuildFile; fileRef = 29EF041C1E9FA3050065C762 /* testQontoTests.swift */; };
		29EF04291E9FA41C0065C762 /* ShrinkableTableViewHeaderView.swift in Sources */ = {isa = PBXBuildFile; fileRef = 29EF04281E9FA41C0065C762 /* ShrinkableTableViewHeaderView.swift */; };
/* End PBXBuildFile section */

/* Begin PBXContainerItemProxy section */
		29EF04191E9FA3050065C762 /* PBXContainerItemProxy */ = {
			isa = PBXContainerItemProxy;
			containerPortal = 29EF03FC1E9FA3050065C762 /* Project object */;
			proxyType = 1;
			remoteGlobalIDString = 29EF04031E9FA3050065C762;
			remoteInfo = testQonto;
		};
/* End PBXContainerItemProxy section */

/* Begin PBXFileReference section */
		29EF04041E9FA3050065C762 /* testQonto.app */ = {isa = PBXFileReference; explicitFileType = wrapper.application; includeInIndex = 0; path = testQonto.app; sourceTree = BUILT_PRODUCTS_DIR; };
		29EF04071E9FA3050065C762 /* AppDelegate.swift */ = {isa = PBXFileReference; lastKnownFileType = sourcecode.swift; path = AppDelegate.swift; sourceTree = "<group>"; };
		29EF04091E9FA3050065C762 /* ViewController.swift */ = {isa = PBXFileReference; lastKnownFileType = sourcecode.swift; path = ViewController.swift; sourceTree = "<group>"; };
		29EF040C1E9FA3050065C762 /* Base */ = {isa = PBXFileReference; lastKnownFileType = file.storyboard; name = Base; path = Base.lproj/Main.storyboard; sourceTree = "<group>"; };
		29EF040E1E9FA3050065C762 /* Assets.xcassets */ = {isa = PBXFileReference; lastKnownFileType = folder.assetcatalog; path = Assets.xcassets; sourceTree = "<group>"; };
		29EF04111E9FA3050065C762 /* Base */ = {isa = PBXFileReference; lastKnownFileType = file.storyboard; name = Base; path = Base.lproj/LaunchScreen.storyboard; sourceTree = "<group>"; };
		29EF04131E9FA3050065C762 /* Info.plist */ = {isa = PBXFileReference; lastKnownFileType = text.plist.xml; path = Info.plist; sourceTree = "<group>"; };
		29EF04181E9FA3050065C762 /* testQontoTests.xctest */ = {isa = PBXFileReference; explicitFileType = wrapper.cfbundle; includeInIndex = 0; path = testQontoTests.xctest; sourceTree = BUILT_PRODUCTS_DIR; };
		29EF041C1E9FA3050065C762 /* testQontoTests.swift */ = {isa = PBXFileReference; lastKnownFileType = sourcecode.swift; path = testQontoTests.swift; sourceTree = "<group>"; };
		29EF041E1E9FA3050065C762 /* Info.plist */ = {isa = PBXFileReference; lastKnownFileType = text.plist.xml; path = Info.plist; sourceTree = "<group>"; };
		29EF04281E9FA41C0065C762 /* ShrinkableTableViewHeaderView.swift */ = {isa = PBXFileReference; fileEncoding = 4; lastKnownFileType = sourcecode.swift; name = ShrinkableTableViewHeaderView.swift; path = Views/ShrinkableTableViewHeaderView.swift; sourceTree = "<group>"; };
/* End PBXFileReference section */

/* Begin PBXFrameworksBuildPhase section */
		29EF04011E9FA3050065C762 /* Frameworks */ = {
			isa = PBXFrameworksBuildPhase;
			buildActionMask = 2147483647;
			files = (
			);
			runOnlyForDeploymentPostprocessing = 0;
		};
		29EF04151E9FA3050065C762 /* Frameworks */ = {
			isa = PBXFrameworksBuildPhase;
			buildActionMask = 2147483647;
			files = (
			);
			runOnlyForDeploymentPostprocessing = 0;
		};
/* End PBXFrameworksBuildPhase section */

/* Begin PBXGroup section */
		29EF03FB1E9FA3050065C762 = {
			isa = PBXGroup;
			children = (
				29EF04061E9FA3050065C762 /* testQonto */,
				29EF041B1E9FA3050065C762 /* testQontoTests */,
				29EF04051E9FA3050065C762 /* Products */,
			);
			sourceTree = "<group>";
		};
		29EF04051E9FA3050065C762 /* Products */ = {
			isa = PBXGroup;
			children = (
				29EF04041E9FA3050065C762 /* testQonto.app */,
				29EF04181E9FA3050065C762 /* testQontoTests.xctest */,
			);
			name = Products;
			sourceTree = "<group>";
		};
		29EF04061E9FA3050065C762 /* testQonto */ = {
			isa = PBXGroup;
			children = (
				29EF04271E9FA3B20065C762 /* Views */,
				29EF04071E9FA3050065C762 /* AppDelegate.swift */,
				29EF04091E9FA3050065C762 /* ViewController.swift */,
				29EF040B1E9FA3050065C762 /* Main.storyboard */,
				29EF040E1E9FA3050065C762 /* Assets.xcassets */,
				29EF04101E9FA3050065C762 /* LaunchScreen.storyboard */,
				29EF04131E9FA3050065C762 /* Info.plist */,
			);
			path = testQonto;
			sourceTree = "<group>";
		};
		29EF041B1E9FA3050065C762 /* testQontoTests */ = {
			isa = PBXGroup;
			children = (
				29EF041C1E9FA3050065C762 /* testQontoTests.swift */,
				29EF041E1E9FA3050065C762 /* Info.plist */,
			);
			path = testQontoTests;
			sourceTree = "<group>";
		};
		29EF04271E9FA3B20065C762 /* Views */ = {
			isa = PBXGroup;
			children = (
				29EF04281E9FA41C0065C762 /* ShrinkableTableViewHeaderView.swift */,
			);
			name = Views;
			sourceTree = "<group>";
		};
/* End PBXGroup section */

/* Begin PBXNativeTarget section */
		29EF04031E9FA3050065C762 /* testQonto */ = {
			isa = PBXNativeTarget;
			buildConfigurationList = 29EF04211E9FA3050065C762 /* Build configuration list for PBXNativeTarget "testQonto" */;
			buildPhases = (
				29EF04001E9FA3050065C762 /* Sources */,
				29EF04011E9FA3050065C762 /* Frameworks */,
				29EF04021E9FA3050065C762 /* Resources */,
			);
			buildRules = (
			);
			dependencies = (
			);
			name = testQonto;
			productName = testQonto;
			productReference = 29EF04041E9FA3050065C762 /* testQonto.app */;
			productType = "com.apple.product-type.application";
		};
		29EF04171E9FA3050065C762 /* testQontoTests */ = {
			isa = PBXNativeTarget;
			buildConfigurationList = 29EF04241E9FA3050065C762 /* Build configuration list for PBXNativeTarget "testQontoTests" */;
			buildPhases = (
				29EF04141E9FA3050065C762 /* Sources */,
				29EF04151E9FA3050065C762 /* Frameworks */,
				29EF04161E9FA3050065C762 /* Resources */,
			);
			buildRules = (
			);
			dependencies = (
				29EF041A1E9FA3050065C762 /* PBXTargetDependency */,
			);
			name = testQontoTests;
			productName = testQontoTests;
			productReference = 29EF04181E9FA3050065C762 /* testQontoTests.xctest */;
			productType = "com.apple.product-type.bundle.unit-test";
		};
/* End PBXNativeTarget section */

/* Begin PBXProject section */
		29EF03FC1E9FA3050065C762 /* Project object */ = {
			isa = PBXProject;
			attributes = {
				LastSwiftUpdateCheck = 0810;
				LastUpgradeCheck = 0810;
				ORGANIZATIONNAME = "Clément Morissard";
				TargetAttributes = {
					29EF04031E9FA3050065C762 = {
						CreatedOnToolsVersion = 8.1;
						DevelopmentTeam = 7NZQAU7QJW;
						ProvisioningStyle = Automatic;
					};
					29EF04171E9FA3050065C762 = {
						CreatedOnToolsVersion = 8.1;
						DevelopmentTeam = 7NZQAU7QJW;
						ProvisioningStyle = Automatic;
						TestTargetID = 29EF04031E9FA3050065C762;
					};
				};
			};
			buildConfigurationList = 29EF03FF1E9FA3050065C762 /* Build configuration list for PBXProject "testQonto" */;
			compatibilityVersion = "Xcode 3.2";
			developmentRegion = English;
			hasScannedForEncodings = 0;
			knownRegions = (
				en,
				Base,
			);
			mainGroup = 29EF03FB1E9FA3050065C762;
			productRefGroup = 29EF04051E9FA3050065C762 /* Products */;
			projectDirPath = "";
			projectRoot = "";
			targets = (
				29EF04031E9FA3050065C762 /* testQonto */,
				29EF04171E9FA3050065C762 /* testQontoTests */,
			);
		};
/* End PBXProject section */

/* Begin PBXResourcesBuildPhase section */
		29EF04021E9FA3050065C762 /* Resources */ = {
			isa = PBXResourcesBuildPhase;
			buildActionMask = 2147483647;
			files = (
				29EF04121E9FA3050065C762 /* LaunchScreen.storyboard in Resources */,
				29EF040F1E9FA3050065C762 /* Assets.xcassets in Resources */,
				29EF040D1E9FA3050065C762 /* Main.storyboard in Resources */,
			);
			runOnlyForDeploymentPostprocessing = 0;
		};
		29EF04161E9FA3050065C762 /* Resources */ = {
			isa = PBXResourcesBuildPhase;
			buildActionMask = 2147483647;
			files = (
			);
			runOnlyForDeploymentPostprocessing = 0;
		};
/* End PBXResourcesBuildPhase section */

/* Begin PBXSourcesBuildPhase section */
		29EF04001E9FA3050065C762 /* Sources */ = {
			isa = PBXSourcesBuildPhase;
			buildActionMask = 2147483647;
			files = (
				29EF040A1E9FA3050065C762 /* ViewController.swift in Sources */,
				29EF04291E9FA41C0065C762 /* ShrinkableTableViewHeaderView.swift in Sources */,
				29EF04081E9FA3050065C762 /* AppDelegate.swift in Sources */,
			);
			runOnlyForDeploymentPostprocessing = 0;
		};
		29EF04141E9FA3050065C762 /* Sources */ = {
			isa = PBXSourcesBuildPhase;
			buildActionMask = 2147483647;
			files = (
				29EF041D1E9FA3050065C762 /* testQontoTests.swift in Sources */,
			);
			runOnlyForDeploymentPostprocessing = 0;
		};
/* End PBXSourcesBuildPhase section */

/* Begin PBXTargetDependency section */
		29EF041A1E9FA3050065C762 /* PBXTargetDependency */ = {
			isa = PBXTargetDependency;
			target = 29EF04031E9FA3050065C762 /* testQonto */;
			targetProxy = 29EF04191E9FA3050065C762 /* PBXContainerItemProxy */;
		};
/* End PBXTargetDependency section */

/* Begin PBXVariantGroup section */
		29EF040B1E9FA3050065C762 /* Main.storyboard */ = {
			isa = PBXVariantGroup;
			children = (
				29EF040C1E9FA3050065C762 /* Base */,
			);
			name = Main.storyboard;
			sourceTree = "<group>";
		};
		29EF04101E9FA3050065C762 /* LaunchScreen.storyboard */ = {
			isa = PBXVariantGroup;
			children = (
				29EF04111E9FA3050065C762 /* Base */,
			);
			name = LaunchScreen.storyboard;
			sourceTree = "<group>";
		};
/* End PBXVariantGroup section */

/* Begin XCBuildConfiguration section */
		29EF041F1E9FA3050065C762 /* Debug */ = {
			isa = XCBuildConfiguration;
			buildSettings = {
				ALWAYS_SEARCH_USER_PATHS = NO;
				CLANG_ANALYZER_NONNULL = YES;
				CLANG_CXX_LANGUAGE_STANDARD = "gnu++0x";
				CLANG_CXX_LIBRARY = "libc++";
				CLANG_ENABLE_MODULES = YES;
				CLANG_ENABLE_OBJC_ARC = YES;
				CLANG_WARN_BOOL_CONVERSION = YES;
				CLANG_WARN_CONSTANT_CONVERSION = YES;
				CLANG_WARN_DIRECT_OBJC_ISA_USAGE = YES_ERROR;
				CLANG_WARN_DOCUMENTATION_COMMENTS = YES;
				CLANG_WARN_EMPTY_BODY = YES;
				CLANG_WARN_ENUM_CONVERSION = YES;
				CLANG_WARN_INFINITE_RECURSION = YES;
				CLANG_WARN_INT_CONVERSION = YES;
				CLANG_WARN_OBJC_ROOT_CLASS = YES_ERROR;
				CLANG_WARN_SUSPICIOUS_MOVES = YES;
				CLANG_WARN_UNREACHABLE_CODE = YES;
				CLANG_WARN__DUPLICATE_METHOD_MATCH = YES;
				"CODE_SIGN_IDENTITY[sdk=iphoneos*]" = "iPhone Developer";
				COPY_PHASE_STRIP = NO;
				DEBUG_INFORMATION_FORMAT = dwarf;
				ENABLE_STRICT_OBJC_MSGSEND = YES;
				ENABLE_TESTABILITY = YES;
				GCC_C_LANGUAGE_STANDARD = gnu99;
				GCC_DYNAMIC_NO_PIC = NO;
				GCC_NO_COMMON_BLOCKS = YES;
				GCC_OPTIMIZATION_LEVEL = 0;
				GCC_PREPROCESSOR_DEFINITIONS = (
					"DEBUG=1",
					"$(inherited)",
				);
				GCC_WARN_64_TO_32_BIT_CONVERSION = YES;
				GCC_WARN_ABOUT_RETURN_TYPE = YES_ERROR;
				GCC_WARN_UNDECLARED_SELECTOR = YES;
				GCC_WARN_UNINITIALIZED_AUTOS = YES_AGGRESSIVE;
				GCC_WARN_UNUSED_FUNCTION = YES;
				GCC_WARN_UNUSED_VARIABLE = YES;
				IPHONEOS_DEPLOYMENT_TARGET = 10.1;
				MTL_ENABLE_DEBUG_INFO = YES;
				ONLY_ACTIVE_ARCH = YES;
				SDKROOT = iphoneos;
				SWIFT_ACTIVE_COMPILATION_CONDITIONS = DEBUG;
				SWIFT_OPTIMIZATION_LEVEL = "-Onone";
				TARGETED_DEVICE_FAMILY = "1,2";
			};
			name = Debug;
		};
		29EF04201E9FA3050065C762 /* Release */ = {
			isa = XCBuildConfiguration;
			buildSettings = {
				ALWAYS_SEARCH_USER_PATHS = NO;
				CLANG_ANALYZER_NONNULL = YES;
				CLANG_CXX_LANGUAGE_STANDARD = "gnu++0x";
				CLANG_CXX_LIBRARY = "libc++";
				CLANG_ENABLE_MODULES = YES;
				CLANG_ENABLE_OBJC_ARC = YES;
				CLANG_WARN_BOOL_CONVERSION = YES;
				CLANG_WARN_CONSTANT_CONVERSION = YES;
				CLANG_WARN_DIRECT_OBJC_ISA_USAGE = YES_ERROR;
				CLANG_WARN_DOCUMENTATION_COMMENTS = YES;
				CLANG_WARN_EMPTY_BODY = YES;
				CLANG_WARN_ENUM_CONVERSION = YES;
				CLANG_WARN_INFINITE_RECURSION = YES;
				CLANG_WARN_INT_CONVERSION = YES;
				CLANG_WARN_OBJC_ROOT_CLASS = YES_ERROR;
				CLANG_WARN_SUSPICIOUS_MOVES = YES;
				CLANG_WARN_UNREACHABLE_CODE = YES;
				CLANG_WARN__DUPLICATE_METHOD_MATCH = YES;
				"CODE_SIGN_IDENTITY[sdk=iphoneos*]" = "iPhone Developer";
				COPY_PHASE_STRIP = NO;
				DEBUG_INFORMATION_FORMAT = "dwarf-with-dsym";
				ENABLE_NS_ASSERTIONS = NO;
				ENABLE_STRICT_OBJC_MSGSEND = YES;
				GCC_C_LANGUAGE_STANDARD = gnu99;
				GCC_NO_COMMON_BLOCKS = YES;
				GCC_WARN_64_TO_32_BIT_CONVERSION = YES;
				GCC_WARN_ABOUT_RETURN_TYPE = YES_ERROR;
				GCC_WARN_UNDECLARED_SELECTOR = YES;
				GCC_WARN_UNINITIALIZED_AUTOS = YES_AGGRESSIVE;
				GCC_WARN_UNUSED_FUNCTION = YES;
				GCC_WARN_UNUSED_VARIABLE = YES;
				IPHONEOS_DEPLOYMENT_TARGET = 10.1;
				MTL_ENABLE_DEBUG_INFO = NO;
				SDKROOT = iphoneos;
				SWIFT_OPTIMIZATION_LEVEL = "-Owholemodule";
				TARGETED_DEVICE_FAMILY = "1,2";
				VALIDATE_PRODUCT = YES;
			};
			name = Release;
		};
		29EF04221E9FA3050065C762 /* Debug */ = {
			isa = XCBuildConfiguration;
			buildSettings = {
				ASSETCATALOG_COMPILER_APPICON_NAME = AppIcon;
				DEVELOPMENT_TEAM = 7NZQAU7QJW;
				INFOPLIST_FILE = testQonto/Info.plist;
				LD_RUNPATH_SEARCH_PATHS = "$(inherited) @executable_path/Frameworks";
				PRODUCT_BUNDLE_IDENTIFIER = com.test.testQonto;
				PRODUCT_NAME = "$(TARGET_NAME)";
				SWIFT_VERSION = 3.0;
			};
			name = Debug;
		};
		29EF04231E9FA3050065C762 /* Release */ = {
			isa = XCBuildConfiguration;
			buildSettings = {
				ASSETCATALOG_COMPILER_APPICON_NAME = AppIcon;
				DEVELOPMENT_TEAM = 7NZQAU7QJW;
				INFOPLIST_FILE = testQonto/Info.plist;
				LD_RUNPATH_SEARCH_PATHS = "$(inherited) @executable_path/Frameworks";
				PRODUCT_BUNDLE_IDENTIFIER = com.test.testQonto;
				PRODUCT_NAME = "$(TARGET_NAME)";
				SWIFT_VERSION = 3.0;
			};
			name = Release;
		};
		29EF04251E9FA3050065C762 /* Debug */ = {
			isa = XCBuildConfiguration;
			buildSettings = {
				ALWAYS_EMBED_SWIFT_STANDARD_LIBRARIES = YES;
				BUNDLE_LOADER = "$(TEST_HOST)";
				DEVELOPMENT_TEAM = 7NZQAU7QJW;
				INFOPLIST_FILE = testQontoTests/Info.plist;
				LD_RUNPATH_SEARCH_PATHS = "$(inherited) @executable_path/Frameworks @loader_path/Frameworks";
				PRODUCT_BUNDLE_IDENTIFIER = com.test.testQontoTests;
				PRODUCT_NAME = "$(TARGET_NAME)";
				SWIFT_VERSION = 3.0;
				TEST_HOST = "$(BUILT_PRODUCTS_DIR)/testQonto.app/testQonto";
			};
			name = Debug;
		};
		29EF04261E9FA3050065C762 /* Release */ = {
			isa = XCBuildConfiguration;
			buildSettings = {
				ALWAYS_EMBED_SWIFT_STANDARD_LIBRARIES = YES;
				BUNDLE_LOADER = "$(TEST_HOST)";
				DEVELOPMENT_TEAM = 7NZQAU7QJW;
				INFOPLIST_FILE = testQontoTests/Info.plist;
				LD_RUNPATH_SEARCH_PATHS = "$(inherited) @executable_path/Frameworks @loader_path/Frameworks";
				PRODUCT_BUNDLE_IDENTIFIER = com.test.testQontoTests;
				PRODUCT_NAME = "$(TARGET_NAME)";
				SWIFT_VERSION = 3.0;
				TEST_HOST = "$(BUILT_PRODUCTS_DIR)/testQonto.app/testQonto";
			};
			name = Release;
		};
/* End XCBuildConfiguration section */

/* Begin XCConfigurationList section */
		29EF03FF1E9FA3050065C762 /* Build configuration list for PBXProject "testQonto" */ = {
			isa = XCConfigurationList;
			buildConfigurations = (
				29EF041F1E9FA3050065C762 /* Debug */,
				29EF04201E9FA3050065C762 /* Release */,
			);
			defaultConfigurationIsVisible = 0;
			defaultConfigurationName = Release;
		};
		29EF04211E9FA3050065C762 /* Build configuration list for PBXNativeTarget "testQonto" */ = {
			isa = XCConfigurationList;
			buildConfigurations = (
				29EF04221E9FA3050065C762 /* Debug */,
				29EF04231E9FA3050065C762 /* Release */,
			);
			defaultConfigurationIsVisible = 0;
		};
		29EF04241E9FA3050065C762 /* Build configuration list for PBXNativeTarget "testQontoTests" */ = {
			isa = XCConfigurationList;
			buildConfigurations = (
				29EF04251E9FA3050065C762 /* Debug */,
				29EF04261E9FA3050065C762 /* Release */,
			);
			defaultConfigurationIsVisible = 0;
		};
/* End XCConfigurationList section */
	};
	rootObject = 29EF03FC1E9FA3050065C762 /* Project object */;
}
